
Microsoft Visual Studio Solution File, Format Version 12.00
# Visual Studio Version 16
VisualStudioVersion = 16.0.29411.108
MinimumVisualStudioVersion = 10.0.40219.1
Project("{9092AA53-FB77-4645-B42D-1CCCA6BD08BD}") = "cuas-api", "cuas-api\cuas-api.njsproj", "{FC0463AA-B397-4AED-8F12-6AA29A853976}"
EndProject
Global
	GlobalSection(SolutionConfigurationPlatforms) = preSolution
		Debug|Any CPU = Debug|Any CPU
		Release|Any CPU = Release|Any CPU
	EndGlobalSection
	GlobalSection(ProjectConfigurationPlatforms) = postSolution
		{FC0463AA-B397-4AED-8F12-6AA29A853976}.Debug|Any CPU.ActiveCfg = Debug|Any CPU
		{FC0463AA-B397-4AED-8F12-6AA29A853976}.Debug|Any CPU.Build.0 = Debug|Any CPU
		{FC0463AA-B397-4AED-8F12-6AA29A853976}.Release|Any CPU.ActiveCfg = Release|Any CPU
		{FC0463AA-B397-4AED-8F12-6AA29A853976}.Release|Any CPU.Build.0 = Release|Any CPU
	EndGlobalSection
	GlobalSection(SolutionProperties) = preSolution
		HideSolutionNode = FALSE
	EndGlobalSection
	GlobalSection(ExtensibilityGlobals) = postSolution
		SolutionGuid = {9E5CD3CA-A844-4CE6-AEE7-DFA93DCD5FDD}
	EndGlobalSection
EndGlobal
